{
  "name": "0475317ec596de5d",
  "lockfileVersion": 3,
  "requires": true,
  "packages": {
    "": {
      "dependencies": {
        "uri-scheme": "^2.0.18"
      }
    },
    "node_modules/uri-scheme": {
      "version": "2.0.18",
      "resolved": "https://registry.npmjs.org/uri-scheme/-/uri-scheme-2.0.18.tgz",
      "integrity": "sha512-Hqwz603fs527UufhM1xyqJ7Azd79qJv9RqcfjfOquxkZZsAFap9XQYYWz4WM3O3LzY4Urlh7VODAhcH1kEGuIw==",
      "license": "MIT",
      "bin": {
        "uri-scheme": "cli.js"
      }
    }
  }
}
